{
  "name": "@gbesse/worldkit",
  "version": "0.1.1",
  "lockfileVersion": 3,
  "requires": true,
  "packages": {
    "": {
      "name": "@gbesse/worldkit",
      "version": "0.1.1",
      "license": "MIT",
      "dependencies": {
        "@gbesse/decisionpacks": "github:gbesse/decisionpacks#3c90b6e667c16653b9a6ae00b376df9bddbd8461"
      },
      "bin": {
        "worldkit": "bin/worldkit.mjs"
      },
      "devDependencies": {
        "typescript": "5.9.3"
      },
      "engines": {
        "node": ">=22"
      }
    },
    "node_modules/@gbesse/decisionpacks": {
      "version": "0.1.0",
      "resolved": "git+ssh://git@github.com/gbesse/decisionpacks.git#3c90b6e667c16653b9a6ae00b376df9bddbd8461",
      "integrity": "sha512-33VNJzp4nYf111ie5lknXEFK2IunhzfOnm/ENt+v5gOCSerdnxoeZXPHg6+rc1y3zoUFymUmCVEveUlnEwyZDQ==",
      "license": "MIT",
      "bin": {
        "decisionpacks": "bin/decisionpacks.mjs"
      },
      "engines": {
        "node": ">=22"
      }
    },
    "node_modules/typescript": {
      "version": "5.9.3",
      "resolved": "https://registry.npmjs.org/typescript/-/typescript-5.9.3.tgz",
      "integrity": "sha512-jl1vZzPDinLr9eUt3J/t7V6FgNEw9QjvBPdysz9KfQDD41fQrC2Y4vKQdiaUpFT4bXlb1RHhLpp8wtm6M5TgSw==",
      "dev": true,
      "license": "Apache-2.0",
      "bin": {
        "tsc": "bin/tsc",
        "tsserver": "bin/tsserver"
      },
      "engines": {
        "node": ">=14.17"
      }
    }
  }
}
